
Microsoft Visual Studio Solution File, Format Version 12.00
# Visual Studio 14
VisualStudioVersion = 14.0.25123.0
MinimumVisualStudioVersion = 10.0.40219.1
Project("{8BC9CEB8-8B4A-11D0-8D11-00A0C91BC942}") = "01-MathReview", "01-MathReview\01-MathReview.vcxproj", "{59427691-5AA6-4F3E-9535-4EABB900253E}"
EndProject
Project("{8BC9CEB8-8B4A-11D0-8D11-00A0C91BC942}") = "MathLib", "MathLib\MathLib.vcxproj", "{4BE9D340-5470-4249-B823-A1009B44B1D6}"
EndProject
Project("{8BC9CEB8-8B4A-11D0-8D11-00A0C91BC942}") = "X-TestSpace", "X-TestSpace\X-TestSpace.vcxproj", "{C52E95C9-54D9-466E-B006-A0EEE51D3872}"
	ProjectSection(ProjectDependencies) = postProject
		{4BE9D340-5470-4249-B823-A1009B44B1D6} = {4BE9D340-5470-4249-B823-A1009B44B1D6}
	EndProjectSection
EndProject
Project("{8BC9CEB8-8B4A-11D0-8D11-00A0C91BC942}") = "X-SFWTest", "X-SFWTest\X-SFWTest.vcxproj", "{3D9DC7C1-66AD-4DBE-B0B0-1E201F85240F}"
	ProjectSection(ProjectDependencies) = postProject
		{4BE9D340-5470-4249-B823-A1009B44B1D6} = {4BE9D340-5470-4249-B823-A1009B44B1D6}
	EndProjectSection
EndProject
Global
	GlobalSection(SolutionConfigurationPlatforms) = preSolution
		Debug|x64 = Debug|x64
		Debug|x86 = Debug|x86
		Release|x64 = Release|x64
		Release|x86 = Release|x86
	EndGlobalSection
	GlobalSection(ProjectConfigurationPlatforms) = postSolution
		{59427691-5AA6-4F3E-9535-4EABB900253E}.Debug|x64.ActiveCfg = Debug|x64
		{59427691-5AA6-4F3E-9535-4EABB900253E}.Debug|x64.Build.0 = Debug|x64
		{59427691-5AA6-4F3E-9535-4EABB900253E}.Debug|x86.ActiveCfg = Debug|Win32
		{59427691-5AA6-4F3E-9535-4EABB900253E}.Debug|x86.Build.0 = Debug|Win32
		{59427691-5AA6-4F3E-9535-4EABB900253E}.Release|x64.ActiveCfg = Release|x64
		{59427691-5AA6-4F3E-9535-4EABB900253E}.Release|x64.Build.0 = Release|x64
		{59427691-5AA6-4F3E-9535-4EABB900253E}.Release|x86.ActiveCfg = Release|Win32
		{59427691-5AA6-4F3E-9535-4EABB900253E}.Release|x86.Build.0 = Release|Win32
		{4BE9D340-5470-4249-B823-A1009B44B1D6}.Debug|x64.ActiveCfg = Debug|x64
		{4BE9D340-5470-4249-B823-A1009B44B1D6}.Debug|x64.Build.0 = Debug|x64
		{4BE9D340-5470-4249-B823-A1009B44B1D6}.Debug|x86.ActiveCfg = Debug|Win32
		{4BE9D340-5470-4249-B823-A1009B44B1D6}.Debug|x86.Build.0 = Debug|Win32
		{4BE9D340-5470-4249-B823-A1009B44B1D6}.Release|x64.ActiveCfg = Release|x64
		{4BE9D340-5470-4249-B823-A1009B44B1D6}.Release|x64.Build.0 = Release|x64
		{4BE9D340-5470-4249-B823-A1009B44B1D6}.Release|x86.ActiveCfg = Release|Win32
		{4BE9D340-5470-4249-B823-A1009B44B1D6}.Release|x86.Build.0 = Release|Win32
		{C52E95C9-54D9-466E-B006-A0EEE51D3872}.Debug|x64.ActiveCfg = Debug|x64
		{C52E95C9-54D9-466E-B006-A0EEE51D3872}.Debug|x64.Build.0 = Debug|x64
		{C52E95C9-54D9-466E-B006-A0EEE51D3872}.Debug|x86.ActiveCfg = Debug|Win32
		{C52E95C9-54D9-466E-B006-A0EEE51D3872}.Debug|x86.Build.0 = Debug|Win32
		{C52E95C9-54D9-466E-B006-A0EEE51D3872}.Release|x64.ActiveCfg = Release|x64
		{C52E95C9-54D9-466E-B006-A0EEE51D3872}.Release|x64.Build.0 = Release|x64
		{C52E95C9-54D9-466E-B006-A0EEE51D3872}.Release|x86.ActiveCfg = Release|Win32
		{C52E95C9-54D9-466E-B006-A0EEE51D3872}.Release|x86.Build.0 = Release|Win32
		{3D9DC7C1-66AD-4DBE-B0B0-1E201F85240F}.Debug|x64.ActiveCfg = Debug|x64
		{3D9DC7C1-66AD-4DBE-B0B0-1E201F85240F}.Debug|x64.Build.0 = Debug|x64
		{3D9DC7C1-66AD-4DBE-B0B0-1E201F85240F}.Debug|x86.ActiveCfg = Debug|Win32
		{3D9DC7C1-66AD-4DBE-B0B0-1E201F85240F}.Debug|x86.Build.0 = Debug|Win32
		{3D9DC7C1-66AD-4DBE-B0B0-1E201F85240F}.Release|x64.ActiveCfg = Release|x64
		{3D9DC7C1-66AD-4DBE-B0B0-1E201F85240F}.Release|x64.Build.0 = Release|x64
		{3D9DC7C1-66AD-4DBE-B0B0-1E201F85240F}.Release|x86.ActiveCfg = Release|Win32
		{3D9DC7C1-66AD-4DBE-B0B0-1E201F85240F}.Release|x86.Build.0 = Release|Win32
	EndGlobalSection
	GlobalSection(SolutionProperties) = preSolution
		HideSolutionNode = FALSE
	EndGlobalSection
EndGlobal
